PODS:
  - Alamofire (5.2.2)
  - CocoaLumberjack/Core (3.6.2)
  - CocoaLumberjack/Swift (3.6.2):
    - CocoaLumberjack/Core
  - Codextended (0.3.0)
  - GoogleMaps (3.10.0):
    - GoogleMaps/Maps (= 3.10.0)
  - GoogleMaps/Base (3.10.0)
  - GoogleMaps/Maps (3.10.0):
    - GoogleMaps/Base
  - Hero (1.5.0)
  - Moya/Core (14.0.0):
    - Alamofire (~> 5.0)
  - Moya/RxSwift (14.0.0):
    - Moya/Core
    - RxSwift (~> 5.0)
  - Nimble (8.1.2)
  - "NSObject+Rx (5.1.0)":
    - RxSwift (~> 5.1)
  - R.swift (5.2.2):
    - R.swift.Library (~> 5.2.0)
  - R.swift.Library (5.2.0)
  - RandomColorSwift (2.0.0)
  - RxCocoa (5.1.1):
    - RxRelay (~> 5)
    - RxSwift (~> 5)
  - RxCoreLocation (1.5.0):
    - RxCoreLocation/Core (= 1.5.0)
  - RxCoreLocation/Core (1.5.0):
    - RxCocoa (~> 5.1)
    - RxSwift (~> 5.1)
  - RxGoogleMaps (4.0.0):
    - GoogleMaps (~> 3)
    - RxCocoa (~> 5)
    - RxSwift (~> 5)
  - RxOptional (4.1.0):
    - RxCocoa (~> 5)
    - RxSwift (~> 5)
  - RxRelay (5.1.1):
    - RxSwift (~> 5)
  - RxSwift (5.1.1)
  - RxSwiftExt (5.2.0):
    - RxSwiftExt/Core (= 5.2.0)
    - RxSwiftExt/RxCocoa (= 5.2.0)
  - RxSwiftExt/Core (5.2.0):
    - RxSwift (~> 5.0)
  - RxSwiftExt/RxCocoa (5.2.0):
    - RxCocoa (~> 5.0)
    - RxSwiftExt/Core
  - SnapKit (5.0.1)
  - SwifterSwift (5.2.0):
    - SwifterSwift/AppKit (= 5.2.0)
    - SwifterSwift/CoreAnimation (= 5.2.0)
    - SwifterSwift/CoreGraphics (= 5.2.0)
    - SwifterSwift/CoreLocation (= 5.2.0)
    - SwifterSwift/Dispatch (= 5.2.0)
    - SwifterSwift/Foundation (= 5.2.0)
    - SwifterSwift/MapKit (= 5.2.0)
    - SwifterSwift/SceneKit (= 5.2.0)
    - SwifterSwift/SpriteKit (= 5.2.0)
    - SwifterSwift/StoreKit (= 5.2.0)
    - SwifterSwift/SwiftStdlib (= 5.2.0)
    - SwifterSwift/UIKit (= 5.2.0)
  - SwifterSwift/AppKit (5.2.0)
  - SwifterSwift/CoreAnimation (5.2.0)
  - SwifterSwift/CoreGraphics (5.2.0)
  - SwifterSwift/CoreLocation (5.2.0)
  - SwifterSwift/Dispatch (5.2.0)
  - SwifterSwift/Foundation (5.2.0)
  - SwifterSwift/MapKit (5.2.0)
  - SwifterSwift/SceneKit (5.2.0)
  - SwifterSwift/SpriteKit (5.2.0)
  - SwifterSwift/StoreKit (5.2.0)
  - SwifterSwift/SwiftStdlib (5.2.0)
  - SwifterSwift/UIKit (5.2.0)
  - SwiftLint (0.40.0)

DEPENDENCIES:
  - CocoaLumberjack/Swift (~> 3.0)
  - Codextended (~> 0.3)
  - Hero (~> 1.5)
  - Moya/RxSwift (~> 14.0)
  - Nimble (~> 8.0)
  - "NSObject+Rx (~> 5.0)"
  - R.swift (~> 5.0)
  - RandomColorSwift (~> 2.0)
  - RxCocoa (~> 5.0)
  - RxCoreLocation (~> 1.5)
  - RxGoogleMaps (~> 4.0)
  - RxOptional (~> 4.0)
  - RxSwift (~> 5.0)
  - RxSwiftExt (~> 5.0)
  - SnapKit (~> 5.0)
  - SwifterSwift (~> 5.0)
  - SwiftLint (= 0.40.0)

SPEC REPOS:
  trunk:
    - Alamofire
    - CocoaLumberjack
    - Codextended
    - GoogleMaps
    - Hero
    - Moya
    - Nimble
    - "NSObject+Rx"
    - R.swift
    - R.swift.Library
    - RandomColorSwift
    - RxCocoa
    - RxCoreLocation
    - RxGoogleMaps
    - RxOptional
    - RxRelay
    - RxSwift
    - RxSwiftExt
    - SnapKit
    - SwifterSwift
    - SwiftLint

SPEC CHECKSUMS:
  Alamofire: 814429acc853c6c54ff123fc3d2ef66803823ce0
  CocoaLumberjack: bd155f2dd06c0e0b03f876f7a3ee55693122ec94
  Codextended: f384271b8694376ad766ddbf2a011efbfdcee905
  GoogleMaps: 8c080862ff2748ece9929471b30feb56a6c5079d
  Hero: b7385b75e7259da62f4f85462f59a5082d66b058
  Moya: 5b45dacb75adb009f97fde91c204c1e565d31916
  Nimble: 3864815b4703c7ebffba875973c70e854489fbae
  "NSObject+Rx": fa6bbcc1ab1faa06b01466bc09b1e0692bbc5946
  R.swift: 7c52cdc57a66840ffe6cbd8a823d732059d42a32
  R.swift.Library: 5ba4f1631300caf9a4d890186930da85d540769d
  RandomColorSwift: d18b9b025403137b5543a002187489b06cc1782b
  RxCocoa: 32065309a38d29b5b0db858819b5bf9ef038b601
  RxCoreLocation: 4789d980742b21c087062387f6758b456221fb2f
  RxGoogleMaps: 5d8a91a26dc9e3f703c5be09424e3ecf7f607328
  RxOptional: b1fcd60856807a564c0215c2184b8d33e7826dc2
  RxRelay: d77f7d771495f43c556cbc43eebd1bb54d01e8e9
  RxSwift: 81470a2074fa8780320ea5fe4102807cb7118178
  RxSwiftExt: 4ca80336f43c28f11a2825cdd2fc61dd6c044697
  SnapKit: 97b92857e3df3a0c71833cce143274bf6ef8e5eb
  SwifterSwift: 334181863c416882d97b7a60c05054d9e4d799e2
  SwiftLint: 4154893c73a4c52d6240195507eb7a3e3c64087e

PODFILE CHECKSUM: 5c1e004a4a6355ccd685fd95f90da6151f924cb8

COCOAPODS: 1.9.3
