// !$*UTF8*$!
{
	archiveVersion = 1;
	classes = {
	};
	objectVersion = 51;
	objects = {

/* Begin PBXBuildFile section */
		3242BE71D93D44992A44D9EF /* Pods_FindMyRoute_Demo_FindMyRoute_DemoUITests.framework in Frameworks */ = {isa = PBXBuildFile; fileRef = F01E9FD021E5BFE086C8B6CA /* Pods_FindMyRoute_Demo_FindMyRoute_DemoUITests.framework */; };
		358771C7DD9C22890DBF1D2A /* Pods_FindMyRoute_DemoTests.framework in Frameworks */ = {isa = PBXBuildFile; fileRef = 7A4D6F75AA3016A3B2D7328D /* Pods_FindMyRoute_DemoTests.framework */; };
		91B0BCD121BDDBE6425A5ECC /* Pods_FindMyRoute_Demo.framework in Frameworks */ = {isa = PBXBuildFile; fileRef = 900271E3EA14F879A1B789C3 /* Pods_FindMyRoute_Demo.framework */; };
		9C00DD2B25014E5F00C2A5C5 /* City.swift in Sources */ = {isa = PBXBuildFile; fileRef = 9C00DD2A25014E5F00C2A5C5 /* City.swift */; };
		9C00DD2D25016C7200C2A5C5 /* Positioned.swift in Sources */ = {isa = PBXBuildFile; fileRef = 9C00DD2C25016C7200C2A5C5 /* Positioned.swift */; };
		9C00DD3025016FC800C2A5C5 /* MapUtils.swift in Sources */ = {isa = PBXBuildFile; fileRef = 9C00DD2F25016FC800C2A5C5 /* MapUtils.swift */; };
		9C2E5F3024FECEA1007145BB /* Config.swift in Sources */ = {isa = PBXBuildFile; fileRef = 9C2E5F2F24FECEA1007145BB /* Config.swift */; };
		9C4D76A32506B5E900460851 /* CityTests.swift in Sources */ = {isa = PBXBuildFile; fileRef = 9C4D76A22506B5E900460851 /* CityTests.swift */; };
		9C4D76A62506BAB200460851 /* RegionTests.swift in Sources */ = {isa = PBXBuildFile; fileRef = 9C4D76A52506BAB200460851 /* RegionTests.swift */; };
		9C4D76A82506BC9100460851 /* BusStopTests.swift in Sources */ = {isa = PBXBuildFile; fileRef = 9C4D76A72506BC9100460851 /* BusStopTests.swift */; };
		9C4D76AB2506BE0500460851 /* BikeStopTests.swift in Sources */ = {isa = PBXBuildFile; fileRef = 9C4D76AA2506BE0500460851 /* BikeStopTests.swift */; };
		9C4D76AE2506BE7900460851 /* ElectricCarTests.swift in Sources */ = {isa = PBXBuildFile; fileRef = 9C4D76AD2506BE7900460851 /* ElectricCarTests.swift */; };
		9C4D76B02506BF2700460851 /* MopedTests.swift in Sources */ = {isa = PBXBuildFile; fileRef = 9C4D76AF2506BF2700460851 /* MopedTests.swift */; };
		9C4D76B22506C02A00460851 /* ResourceTests.swift in Sources */ = {isa = PBXBuildFile; fileRef = 9C4D76B12506C02A00460851 /* ResourceTests.swift */; };
		9C4D76B72507C78D00460851 /* MapViewModelTests.swift in Sources */ = {isa = PBXBuildFile; fileRef = 9C4D76B62507C78D00460851 /* MapViewModelTests.swift */; };
		9C4D76BA2507D68300460851 /* ImagesManagerTests.swift in Sources */ = {isa = PBXBuildFile; fileRef = 9C4D76B92507D68300460851 /* ImagesManagerTests.swift */; };
		9C4D76BD2507DE3400460851 /* ViewModelTypeTests.swift in Sources */ = {isa = PBXBuildFile; fileRef = 9C4D76BC2507DE3400460851 /* ViewModelTypeTests.swift */; };
		9C4D76C02507EBD000460851 /* TestScheduler+Extensions.swift in Sources */ = {isa = PBXBuildFile; fileRef = 9C4D76BF2507EBD000460851 /* TestScheduler+Extensions.swift */; };
		9CAF451624FEB9310018D8AB /* AppDelegate.swift in Sources */ = {isa = PBXBuildFile; fileRef = 9CAF451524FEB9310018D8AB /* AppDelegate.swift */; };
		9CAF451824FEB9310018D8AB /* SceneDelegate.swift in Sources */ = {isa = PBXBuildFile; fileRef = 9CAF451724FEB9310018D8AB /* SceneDelegate.swift */; };
		9CAF451A24FEB9310018D8AB /* MapViewController.swift in Sources */ = {isa = PBXBuildFile; fileRef = 9CAF451924FEB9310018D8AB /* MapViewController.swift */; };
		9CAF451D24FEB9310018D8AB /* Main.storyboard in Resources */ = {isa = PBXBuildFile; fileRef = 9CAF451B24FEB9310018D8AB /* Main.storyboard */; };
		9CAF451F24FEB9320018D8AB /* Assets.xcassets in Resources */ = {isa = PBXBuildFile; fileRef = 9CAF451E24FEB9320018D8AB /* Assets.xcassets */; };
		9CAF452224FEB9320018D8AB /* LaunchScreen.storyboard in Resources */ = {isa = PBXBuildFile; fileRef = 9CAF452024FEB9320018D8AB /* LaunchScreen.storyboard */; };
		9CAF453824FEB9320018D8AB /* FindMyRouteDemoUITests.swift in Sources */ = {isa = PBXBuildFile; fileRef = 9CAF453724FEB9320018D8AB /* FindMyRouteDemoUITests.swift */; };
		9CBE3A2024FFF13E00546C63 /* Api.swift in Sources */ = {isa = PBXBuildFile; fileRef = 9CBE3A1F24FFF13E00546C63 /* Api.swift */; };
		9CBE3A2324FFF4D400546C63 /* MeepApi.swift in Sources */ = {isa = PBXBuildFile; fileRef = 9CBE3A2224FFF4D400546C63 /* MeepApi.swift */; };
		9CBE3A2624FFFBB000546C63 /* Resource.swift in Sources */ = {isa = PBXBuildFile; fileRef = 9CBE3A2524FFFBB000546C63 /* Resource.swift */; };
		9CBE3A2824FFFCD500546C63 /* Networking.swift in Sources */ = {isa = PBXBuildFile; fileRef = 9CBE3A2724FFFCD500546C63 /* Networking.swift */; };
		9CBE3A2A24FFFDC400546C63 /* OnlineProvider.swift in Sources */ = {isa = PBXBuildFile; fileRef = 9CBE3A2924FFFDC400546C63 /* OnlineProvider.swift */; };
		9CBE3A2D24FFFFB200546C63 /* ReachabilityManager.swift in Sources */ = {isa = PBXBuildFile; fileRef = 9CBE3A2C24FFFFB200546C63 /* ReachabilityManager.swift */; };
		9CBE3A2F2500031000546C63 /* Log.swift in Sources */ = {isa = PBXBuildFile; fileRef = 9CBE3A2E2500031000546C63 /* Log.swift */; };
		9CBE3A312500077500546C63 /* RestApi.swift in Sources */ = {isa = PBXBuildFile; fileRef = 9CBE3A302500077500546C63 /* RestApi.swift */; };
		9CBE3A3525000F5A00546C63 /* MapViewModel.swift in Sources */ = {isa = PBXBuildFile; fileRef = 9CBE3A3425000F5A00546C63 /* MapViewModel.swift */; };
		9CBE3A3725000F8700546C63 /* ViewModelType.swift in Sources */ = {isa = PBXBuildFile; fileRef = 9CBE3A3625000F8700546C63 /* ViewModelType.swift */; };
		9CD811A82506489E00597B52 /* App.swift in Sources */ = {isa = PBXBuildFile; fileRef = 9CD811A72506489E00597B52 /* App.swift */; };
		9CD811AB2506495900597B52 /* Navigator.swift in Sources */ = {isa = PBXBuildFile; fileRef = 9CD811AA2506495900597B52 /* Navigator.swift */; };
		9CD811B12506535E00597B52 /* R.generated.swift in Sources */ = {isa = PBXBuildFile; fileRef = 9CD811B02506535E00597B52 /* R.generated.swift */; };
		9CD811B825065A6600597B52 /* resources.json in Resources */ = {isa = PBXBuildFile; fileRef = 9CD811B725065A6600597B52 /* resources.json */; };
		9CF0C965250292F800D161EF /* CLLocationCoordinate2D+Extensions.swift in Sources */ = {isa = PBXBuildFile; fileRef = 9CF0C964250292F800D161EF /* CLLocationCoordinate2D+Extensions.swift */; };
		9CF0C96725029C0500D161EF /* Region.swift in Sources */ = {isa = PBXBuildFile; fileRef = 9CF0C96625029C0500D161EF /* Region.swift */; };
		9CF0C9692502AF5100D161EF /* ImagesManager.swift in Sources */ = {isa = PBXBuildFile; fileRef = 9CF0C9682502AF5100D161EF /* ImagesManager.swift */; };
		9CF0C96B2506834C00D161EF /* Dictionary+Extensions.swift in Sources */ = {isa = PBXBuildFile; fileRef = 9CF0C96A2506834C00D161EF /* Dictionary+Extensions.swift */; };
		9CF0C96D2506853F00D161EF /* Encodable+Extensions.swift in Sources */ = {isa = PBXBuildFile; fileRef = 9CF0C96C2506853F00D161EF /* Encodable+Extensions.swift */; };
		9CF0C9702506865300D161EF /* BusStop.swift in Sources */ = {isa = PBXBuildFile; fileRef = 9CF0C96F2506865300D161EF /* BusStop.swift */; };
		9CF0C9722506866600D161EF /* BikeStop.swift in Sources */ = {isa = PBXBuildFile; fileRef = 9CF0C9712506866600D161EF /* BikeStop.swift */; };
		9CF0C9742506867600D161EF /* ElectricCar.swift in Sources */ = {isa = PBXBuildFile; fileRef = 9CF0C9732506867600D161EF /* ElectricCar.swift */; };
		9CF0C9762506868100D161EF /* Moped.swift in Sources */ = {isa = PBXBuildFile; fileRef = 9CF0C9752506868100D161EF /* Moped.swift */; };
/* End PBXBuildFile section */

/* Begin PBXContainerItemProxy section */
		9CAF452924FEB9320018D8AB /* PBXContainerItemProxy */ = {
			isa = PBXContainerItemProxy;
			containerPortal = 9CAF450A24FEB9310018D8AB /* Project object */;
			proxyType = 1;
			remoteGlobalIDString = 9CAF451124FEB9310018D8AB;
			remoteInfo = "FindMyRoute-Demo";
		};
		9CAF453424FEB9320018D8AB /* PBXContainerItemProxy */ = {
			isa = PBXContainerItemProxy;
			containerPortal = 9CAF450A24FEB9310018D8AB /* Project object */;
			proxyType = 1;
			remoteGlobalIDString = 9CAF451124FEB9310018D8AB;
			remoteInfo = "FindMyRoute-Demo";
		};
/* End PBXContainerItemProxy section */

/* Begin PBXFileReference section */
		119DABA5036048FB8293E9FE /* Pods-FindMyRoute-Demo-FindMyRoute-DemoUITests.debug.xcconfig */ = {isa = PBXFileReference; includeInIndex = 1; lastKnownFileType = text.xcconfig; name = "Pods-FindMyRoute-Demo-FindMyRoute-DemoUITests.debug.xcconfig"; path = "Target Support Files/Pods-FindMyRoute-Demo-FindMyRoute-DemoUITests/Pods-FindMyRoute-Demo-FindMyRoute-DemoUITests.debug.xcconfig"; sourceTree = "<group>"; };
		21A14B304A759D7F30AAFDCC /* Pods-FindMyRoute-DemoUITests.debug.xcconfig */ = {isa = PBXFileReference; includeInIndex = 1; lastKnownFileType = text.xcconfig; name = "Pods-FindMyRoute-DemoUITests.debug.xcconfig"; path = "Target Support Files/Pods-FindMyRoute-DemoUITests/Pods-FindMyRoute-DemoUITests.debug.xcconfig"; sourceTree = "<group>"; };
		2B5926D18B0FB09FE19146B0 /* Pods-FindMyRoute-Demo.release.xcconfig */ = {isa = PBXFileReference; includeInIndex = 1; lastKnownFileType = text.xcconfig; name = "Pods-FindMyRoute-Demo.release.xcconfig"; path = "Target Support Files/Pods-FindMyRoute-Demo/Pods-FindMyRoute-Demo.release.xcconfig"; sourceTree = "<group>"; };
		3DDDF1D2BADF335A07D7EE62 /* Pods-FindMyRoute-Demo-FindMyRoute-DemoUITests.release.xcconfig */ = {isa = PBXFileReference; includeInIndex = 1; lastKnownFileType = text.xcconfig; name = "Pods-FindMyRoute-Demo-FindMyRoute-DemoUITests.release.xcconfig"; path = "Target Support Files/Pods-FindMyRoute-Demo-FindMyRoute-DemoUITests/Pods-FindMyRoute-Demo-FindMyRoute-DemoUITests.release.xcconfig"; sourceTree = "<group>"; };
		52487D5ED7E7289BDC6DFEA4 /* Pods-FindMyRoute-DemoTests.debug.xcconfig */ = {isa = PBXFileReference; includeInIndex = 1; lastKnownFileType = text.xcconfig; name = "Pods-FindMyRoute-DemoTests.debug.xcconfig"; path = "Target Support Files/Pods-FindMyRoute-DemoTests/Pods-FindMyRoute-DemoTests.debug.xcconfig"; sourceTree = "<group>"; };
		588B03AD1469C21EB5C658FA /* Pods-FindMyRoute-Demo.debug.xcconfig */ = {isa = PBXFileReference; includeInIndex = 1; lastKnownFileType = text.xcconfig; name = "Pods-FindMyRoute-Demo.debug.xcconfig"; path = "Target Support Files/Pods-FindMyRoute-Demo/Pods-FindMyRoute-Demo.debug.xcconfig"; sourceTree = "<group>"; };
		77E821CCAC6DAD93D1714806 /* Pods-FindMyRoute-DemoTests.release.xcconfig */ = {isa = PBXFileReference; includeInIndex = 1; lastKnownFileType = text.xcconfig; name = "Pods-FindMyRoute-DemoTests.release.xcconfig"; path = "Target Support Files/Pods-FindMyRoute-DemoTests/Pods-FindMyRoute-DemoTests.release.xcconfig"; sourceTree = "<group>"; };
		7A4D6F75AA3016A3B2D7328D /* Pods_FindMyRoute_DemoTests.framework */ = {isa = PBXFileReference; explicitFileType = wrapper.framework; includeInIndex = 0; path = Pods_FindMyRoute_DemoTests.framework; sourceTree = BUILT_PRODUCTS_DIR; };
		900271E3EA14F879A1B789C3 /* Pods_FindMyRoute_Demo.framework */ = {isa = PBXFileReference; explicitFileType = wrapper.framework; includeInIndex = 0; path = Pods_FindMyRoute_Demo.framework; sourceTree = BUILT_PRODUCTS_DIR; };
		9C00DD2A25014E5F00C2A5C5 /* City.swift */ = {isa = PBXFileReference; lastKnownFileType = sourcecode.swift; path = City.swift; sourceTree = "<group>"; };
		9C00DD2C25016C7200C2A5C5 /* Positioned.swift */ = {isa = PBXFileReference; lastKnownFileType = sourcecode.swift; path = Positioned.swift; sourceTree = "<group>"; };
		9C00DD2F25016FC800C2A5C5 /* MapUtils.swift */ = {isa = PBXFileReference; lastKnownFileType = sourcecode.swift; path = MapUtils.swift; sourceTree = "<group>"; };
		9C2E5F2A24FECC09007145BB /* Release.xcconfig */ = {isa = PBXFileReference; fileEncoding = 4; lastKnownFileType = text.xcconfig; path = Release.xcconfig; sourceTree = "<group>"; };
		9C2E5F2B24FECC09007145BB /* Debug.xcconfig */ = {isa = PBXFileReference; fileEncoding = 4; lastKnownFileType = text.xcconfig; path = Debug.xcconfig; sourceTree = "<group>"; };
		9C2E5F2F24FECEA1007145BB /* Config.swift */ = {isa = PBXFileReference; fileEncoding = 4; lastKnownFileType = sourcecode.swift; path = Config.swift; sourceTree = "<group>"; };
		9C4D76A22506B5E900460851 /* CityTests.swift */ = {isa = PBXFileReference; fileEncoding = 4; lastKnownFileType = sourcecode.swift; path = CityTests.swift; sourceTree = "<group>"; };
		9C4D76A52506BAB200460851 /* RegionTests.swift */ = {isa = PBXFileReference; lastKnownFileType = sourcecode.swift; path = RegionTests.swift; sourceTree = "<group>"; };
		9C4D76A72506BC9100460851 /* BusStopTests.swift */ = {isa = PBXFileReference; lastKnownFileType = sourcecode.swift; path = BusStopTests.swift; sourceTree = "<group>"; };
		9C4D76AA2506BE0500460851 /* BikeStopTests.swift */ = {isa = PBXFileReference; lastKnownFileType = sourcecode.swift; path = BikeStopTests.swift; sourceTree = "<group>"; };
		9C4D76AD2506BE7900460851 /* ElectricCarTests.swift */ = {isa = PBXFileReference; lastKnownFileType = sourcecode.swift; path = ElectricCarTests.swift; sourceTree = "<group>"; };
		9C4D76AF2506BF2700460851 /* MopedTests.swift */ = {isa = PBXFileReference; lastKnownFileType = sourcecode.swift; path = MopedTests.swift; sourceTree = "<group>"; };
		9C4D76B12506C02A00460851 /* ResourceTests.swift */ = {isa = PBXFileReference; lastKnownFileType = sourcecode.swift; path = ResourceTests.swift; sourceTree = "<group>"; };
		9C4D76B62507C78D00460851 /* MapViewModelTests.swift */ = {isa = PBXFileReference; lastKnownFileType = sourcecode.swift; path = MapViewModelTests.swift; sourceTree = "<group>"; };
		9C4D76B92507D68300460851 /* ImagesManagerTests.swift */ = {isa = PBXFileReference; lastKnownFileType = sourcecode.swift; path = ImagesManagerTests.swift; sourceTree = "<group>"; };
		9C4D76BC2507DE3400460851 /* ViewModelTypeTests.swift */ = {isa = PBXFileReference; lastKnownFileType = sourcecode.swift; path = ViewModelTypeTests.swift; sourceTree = "<group>"; };
		9C4D76BF2507EBD000460851 /* TestScheduler+Extensions.swift */ = {isa = PBXFileReference; lastKnownFileType = sourcecode.swift; path = "TestScheduler+Extensions.swift"; sourceTree = "<group>"; };
		9CAF451224FEB9310018D8AB /* FindMyRoute-Demo.app */ = {isa = PBXFileReference; explicitFileType = wrapper.application; includeInIndex = 0; path = "FindMyRoute-Demo.app"; sourceTree = BUILT_PRODUCTS_DIR; };
		9CAF451524FEB9310018D8AB /* AppDelegate.swift */ = {isa = PBXFileReference; lastKnownFileType = sourcecode.swift; path = AppDelegate.swift; sourceTree = "<group>"; };
		9CAF451724FEB9310018D8AB /* SceneDelegate.swift */ = {isa = PBXFileReference; lastKnownFileType = sourcecode.swift; path = SceneDelegate.swift; sourceTree = "<group>"; };
		9CAF451924FEB9310018D8AB /* MapViewController.swift */ = {isa = PBXFileReference; lastKnownFileType = sourcecode.swift; path = MapViewController.swift; sourceTree = "<group>"; };
		9CAF451C24FEB9310018D8AB /* Base */ = {isa = PBXFileReference; lastKnownFileType = file.storyboard; name = Base; path = Base.lproj/Main.storyboard; sourceTree = "<group>"; };
		9CAF451E24FEB9320018D8AB /* Assets.xcassets */ = {isa = PBXFileReference; lastKnownFileType = folder.assetcatalog; path = Assets.xcassets; sourceTree = "<group>"; };
		9CAF452124FEB9320018D8AB /* Base */ = {isa = PBXFileReference; lastKnownFileType = file.storyboard; name = Base; path = Base.lproj/LaunchScreen.storyboard; sourceTree = "<group>"; };
		9CAF452324FEB9320018D8AB /* Info.plist */ = {isa = PBXFileReference; lastKnownFileType = text.plist.xml; path = Info.plist; sourceTree = "<group>"; };
		9CAF452824FEB9320018D8AB /* FindMyRoute-DemoTests.xctest */ = {isa = PBXFileReference; explicitFileType = wrapper.cfbundle; includeInIndex = 0; path = "FindMyRoute-DemoTests.xctest"; sourceTree = BUILT_PRODUCTS_DIR; };
		9CAF452E24FEB9320018D8AB /* Info.plist */ = {isa = PBXFileReference; lastKnownFileType = text.plist.xml; path = Info.plist; sourceTree = "<group>"; };
		9CAF453324FEB9320018D8AB /* FindMyRoute-DemoUITests.xctest */ = {isa = PBXFileReference; explicitFileType = wrapper.cfbundle; includeInIndex = 0; path = "FindMyRoute-DemoUITests.xctest"; sourceTree = BUILT_PRODUCTS_DIR; };
		9CAF453724FEB9320018D8AB /* FindMyRouteDemoUITests.swift */ = {isa = PBXFileReference; lastKnownFileType = sourcecode.swift; path = FindMyRouteDemoUITests.swift; sourceTree = "<group>"; };
		9CAF453924FEB9320018D8AB /* Info.plist */ = {isa = PBXFileReference; lastKnownFileType = text.plist.xml; path = Info.plist; sourceTree = "<group>"; };
		9CBE3A1F24FFF13E00546C63 /* Api.swift */ = {isa = PBXFileReference; lastKnownFileType = sourcecode.swift; path = Api.swift; sourceTree = "<group>"; };
		9CBE3A2224FFF4D400546C63 /* MeepApi.swift */ = {isa = PBXFileReference; lastKnownFileType = sourcecode.swift; path = MeepApi.swift; sourceTree = "<group>"; };
		9CBE3A2524FFFBB000546C63 /* Resource.swift */ = {isa = PBXFileReference; lastKnownFileType = sourcecode.swift; path = Resource.swift; sourceTree = "<group>"; };
		9CBE3A2724FFFCD500546C63 /* Networking.swift */ = {isa = PBXFileReference; lastKnownFileType = sourcecode.swift; path = Networking.swift; sourceTree = "<group>"; };
		9CBE3A2924FFFDC400546C63 /* OnlineProvider.swift */ = {isa = PBXFileReference; lastKnownFileType = sourcecode.swift; path = OnlineProvider.swift; sourceTree = "<group>"; };
		9CBE3A2C24FFFFB200546C63 /* ReachabilityManager.swift */ = {isa = PBXFileReference; lastKnownFileType = sourcecode.swift; path = ReachabilityManager.swift; sourceTree = "<group>"; };
		9CBE3A2E2500031000546C63 /* Log.swift */ = {isa = PBXFileReference; lastKnownFileType = sourcecode.swift; path = Log.swift; sourceTree = "<group>"; };
		9CBE3A302500077500546C63 /* RestApi.swift */ = {isa = PBXFileReference; lastKnownFileType = sourcecode.swift; path = RestApi.swift; sourceTree = "<group>"; };
		9CBE3A3425000F5A00546C63 /* MapViewModel.swift */ = {isa = PBXFileReference; lastKnownFileType = sourcecode.swift; path = MapViewModel.swift; sourceTree = "<group>"; };
		9CBE3A3625000F8700546C63 /* ViewModelType.swift */ = {isa = PBXFileReference; lastKnownFileType = sourcecode.swift; path = ViewModelType.swift; sourceTree = "<group>"; };
		9CD811A72506489E00597B52 /* App.swift */ = {isa = PBXFileReference; lastKnownFileType = sourcecode.swift; path = App.swift; sourceTree = "<group>"; };
		9CD811AA2506495900597B52 /* Navigator.swift */ = {isa = PBXFileReference; lastKnownFileType = sourcecode.swift; path = Navigator.swift; sourceTree = "<group>"; };
		9CD811B02506535E00597B52 /* R.generated.swift */ = {isa = PBXFileReference; fileEncoding = 4; lastKnownFileType = sourcecode.swift; path = R.generated.swift; sourceTree = SOURCE_ROOT; };
		9CD811B725065A6600597B52 /* resources.json */ = {isa = PBXFileReference; fileEncoding = 4; lastKnownFileType = text.json; path = resources.json; sourceTree = "<group>"; };
		9CF0C964250292F800D161EF /* CLLocationCoordinate2D+Extensions.swift */ = {isa = PBXFileReference; lastKnownFileType = sourcecode.swift; path = "CLLocationCoordinate2D+Extensions.swift"; sourceTree = "<group>"; };
		9CF0C96625029C0500D161EF /* Region.swift */ = {isa = PBXFileReference; lastKnownFileType = sourcecode.swift; path = Region.swift; sourceTree = "<group>"; };
		9CF0C9682502AF5100D161EF /* ImagesManager.swift */ = {isa = PBXFileReference; lastKnownFileType = sourcecode.swift; path = ImagesManager.swift; sourceTree = "<group>"; };
		9CF0C96A2506834C00D161EF /* Dictionary+Extensions.swift */ = {isa = PBXFileReference; lastKnownFileType = sourcecode.swift; path = "Dictionary+Extensions.swift"; sourceTree = "<group>"; };
		9CF0C96C2506853F00D161EF /* Encodable+Extensions.swift */ = {isa = PBXFileReference; lastKnownFileType = sourcecode.swift; path = "Encodable+Extensions.swift"; sourceTree = "<group>"; };
		9CF0C96F2506865300D161EF /* BusStop.swift */ = {isa = PBXFileReference; lastKnownFileType = sourcecode.swift; path = BusStop.swift; sourceTree = "<group>"; };
		9CF0C9712506866600D161EF /* BikeStop.swift */ = {isa = PBXFileReference; lastKnownFileType = sourcecode.swift; path = BikeStop.swift; sourceTree = "<group>"; };
		9CF0C9732506867600D161EF /* ElectricCar.swift */ = {isa = PBXFileReference; lastKnownFileType = sourcecode.swift; path = ElectricCar.swift; sourceTree = "<group>"; };
		9CF0C9752506868100D161EF /* Moped.swift */ = {isa = PBXFileReference; lastKnownFileType = sourcecode.swift; path = Moped.swift; sourceTree = "<group>"; };
		E257BE8A8612743C880913A1 /* Pods-FindMyRoute-DemoUITests.release.xcconfig */ = {isa = PBXFileReference; includeInIndex = 1; lastKnownFileType = text.xcconfig; name = "Pods-FindMyRoute-DemoUITests.release.xcconfig"; path = "Target Support Files/Pods-FindMyRoute-DemoUITests/Pods-FindMyRoute-DemoUITests.release.xcconfig"; sourceTree = "<group>"; };
		F01E9FD021E5BFE086C8B6CA /* Pods_FindMyRoute_Demo_FindMyRoute_DemoUITests.framework */ = {isa = PBXFileReference; explicitFileType = wrapper.framework; includeInIndex = 0; path = Pods_FindMyRoute_Demo_FindMyRoute_DemoUITests.framework; sourceTree = BUILT_PRODUCTS_DIR; };
/* End PBXFileReference section */

/* Begin PBXFrameworksBuildPhase section */
		9CAF450F24FEB9310018D8AB /* Frameworks */ = {
			isa = PBXFrameworksBuildPhase;
			buildActionMask = 2147483647;
			files = (
				91B0BCD121BDDBE6425A5ECC /* Pods_FindMyRoute_Demo.framework in Frameworks */,
			);
			runOnlyForDeploymentPostprocessing = 0;
		};
		9CAF452524FEB9320018D8AB /* Frameworks */ = {
			isa = PBXFrameworksBuildPhase;
			buildActionMask = 2147483647;
			files = (
				358771C7DD9C22890DBF1D2A /* Pods_FindMyRoute_DemoTests.framework in Frameworks */,
			);
			runOnlyForDeploymentPostprocessing = 0;
		};
		9CAF453024FEB9320018D8AB /* Frameworks */ = {
			isa = PBXFrameworksBuildPhase;
			buildActionMask = 2147483647;
			files = (
				3242BE71D93D44992A44D9EF /* Pods_FindMyRoute_Demo_FindMyRoute_DemoUITests.framework in Frameworks */,
			);
			runOnlyForDeploymentPostprocessing = 0;
		};
/* End PBXFrameworksBuildPhase section */

/* Begin PBXGroup section */
		3C75539AB745C1CD189340C7 /* Pods */ = {
			isa = PBXGroup;
			children = (
				588B03AD1469C21EB5C658FA /* Pods-FindMyRoute-Demo.debug.xcconfig */,
				2B5926D18B0FB09FE19146B0 /* Pods-FindMyRoute-Demo.release.xcconfig */,
				119DABA5036048FB8293E9FE /* Pods-FindMyRoute-Demo-FindMyRoute-DemoUITests.debug.xcconfig */,
				3DDDF1D2BADF335A07D7EE62 /* Pods-FindMyRoute-Demo-FindMyRoute-DemoUITests.release.xcconfig */,
				52487D5ED7E7289BDC6DFEA4 /* Pods-FindMyRoute-DemoTests.debug.xcconfig */,
				77E821CCAC6DAD93D1714806 /* Pods-FindMyRoute-DemoTests.release.xcconfig */,
				21A14B304A759D7F30AAFDCC /* Pods-FindMyRoute-DemoUITests.debug.xcconfig */,
				E257BE8A8612743C880913A1 /* Pods-FindMyRoute-DemoUITests.release.xcconfig */,
			);
			path = Pods;
			sourceTree = "<group>";
		};
		546E99F2AD20884737AC24D6 /* Frameworks */ = {
			isa = PBXGroup;
			children = (
				900271E3EA14F879A1B789C3 /* Pods_FindMyRoute_Demo.framework */,
				7A4D6F75AA3016A3B2D7328D /* Pods_FindMyRoute_DemoTests.framework */,
				F01E9FD021E5BFE086C8B6CA /* Pods_FindMyRoute_Demo_FindMyRoute_DemoUITests.framework */,
			);
			name = Frameworks;
			sourceTree = "<group>";
		};
		9C00DD2E25016F1F00C2A5C5 /* Utils */ = {
			isa = PBXGroup;
			children = (
				9C00DD2F25016FC800C2A5C5 /* MapUtils.swift */,
			);
			path = Utils;
			sourceTree = "<group>";
		};
		9C2E5F2924FECBE9007145BB /* Configs */ = {
			isa = PBXGroup;
			children = (
				9C2E5F2F24FECEA1007145BB /* Config.swift */,
				9C2E5F2B24FECC09007145BB /* Debug.xcconfig */,
				9C2E5F2A24FECC09007145BB /* Release.xcconfig */,
			);
			path = Configs;
			sourceTree = "<group>";
		};
		9C4D76A92506BC9500460851 /* Resources */ = {
			isa = PBXGroup;
			children = (
				9C4D76B12506C02A00460851 /* ResourceTests.swift */,
				9C4D76A72506BC9100460851 /* BusStopTests.swift */,
				9C4D76AA2506BE0500460851 /* BikeStopTests.swift */,
				9C4D76AD2506BE7900460851 /* ElectricCarTests.swift */,
				9C4D76AF2506BF2700460851 /* MopedTests.swift */,
			);
			path = Resources;
			sourceTree = "<group>";
		};
		9C4D76B52507C73700460851 /* ModulesTests */ = {
			isa = PBXGroup;
			children = (
				9C4D76BB2507DE1300460851 /* Map */,
				9C4D76BC2507DE3400460851 /* ViewModelTypeTests.swift */,
			);
			path = ModulesTests;
			sourceTree = "<group>";
		};
		9C4D76B82507D66500460851 /* ManagersTests */ = {
			isa = PBXGroup;
			children = (
				9C4D76B92507D68300460851 /* ImagesManagerTests.swift */,
			);
			path = ManagersTests;
			sourceTree = "<group>";
		};
		9C4D76BB2507DE1300460851 /* Map */ = {
			isa = PBXGroup;
			children = (
				9C4D76B62507C78D00460851 /* MapViewModelTests.swift */,
			);
			path = Map;
			sourceTree = "<group>";
		};
		9C4D76BE2507EBBA00460851 /* Extensions */ = {
			isa = PBXGroup;
			children = (
				9C4D76BF2507EBD000460851 /* TestScheduler+Extensions.swift */,
			);
			path = Extensions;
			sourceTree = "<group>";
		};
		9C4D76C12508C19F00460851 /* ExtensionsTests */ = {
			isa = PBXGroup;
			children = (
			);
			path = ExtensionsTests;
			sourceTree = "<group>";
		};
		9CAF450924FEB9310018D8AB = {
			isa = PBXGroup;
			children = (
				9CAF451424FEB9310018D8AB /* FindMyRoute-Demo */,
				9CAF452B24FEB9320018D8AB /* FindMyRoute-DemoTests */,
				9CAF453624FEB9320018D8AB /* FindMyRoute-DemoUITests */,
				9CAF451324FEB9310018D8AB /* Products */,
				3C75539AB745C1CD189340C7 /* Pods */,
				546E99F2AD20884737AC24D6 /* Frameworks */,
			);
			sourceTree = "<group>";
		};
		9CAF451324FEB9310018D8AB /* Products */ = {
			isa = PBXGroup;
			children = (
				9CAF451224FEB9310018D8AB /* FindMyRoute-Demo.app */,
				9CAF452824FEB9320018D8AB /* FindMyRoute-DemoTests.xctest */,
				9CAF453324FEB9320018D8AB /* FindMyRoute-DemoUITests.xctest */,
			);
			name = Products;
			sourceTree = "<group>";
		};
		9CAF451424FEB9310018D8AB /* FindMyRoute-Demo */ = {
			isa = PBXGroup;
			children = (
				9C2E5F2924FECBE9007145BB /* Configs */,
				9CD811A92506493700597B52 /* App */,
				9CBE3A2B24FFFF7700546C63 /* Managers */,
				9CBE3A1E24FFEF0D00546C63 /* Networking */,
				9CBE3A2424FFFB3100546C63 /* Models */,
				9CBE3A3225000F4600546C63 /* Modules */,
				9CF09060250176170075278D /* Extensions */,
				9C00DD2E25016F1F00C2A5C5 /* Utils */,
				9CAF451B24FEB9310018D8AB /* Main.storyboard */,
				9CAF452024FEB9320018D8AB /* LaunchScreen.storyboard */,
				9CD811AF2506532100597B52 /* Resources */,
				9CAF452324FEB9320018D8AB /* Info.plist */,
			);
			path = "FindMyRoute-Demo";
			sourceTree = "<group>";
		};
		9CAF452B24FEB9320018D8AB /* FindMyRoute-DemoTests */ = {
			isa = PBXGroup;
			children = (
				9C4D76BE2507EBBA00460851 /* Extensions */,
				9C4D76C12508C19F00460851 /* ExtensionsTests */,
				9C4D76B82507D66500460851 /* ManagersTests */,
				9CF0C96E2506860800D161EF /* ModelsTests */,
				9C4D76B52507C73700460851 /* ModulesTests */,
				9CAF452E24FEB9320018D8AB /* Info.plist */,
			);
			path = "FindMyRoute-DemoTests";
			sourceTree = "<group>";
		};
		9CAF453624FEB9320018D8AB /* FindMyRoute-DemoUITests */ = {
			isa = PBXGroup;
			children = (
				9CAF453724FEB9320018D8AB /* FindMyRouteDemoUITests.swift */,
				9CAF453924FEB9320018D8AB /* Info.plist */,
			);
			path = "FindMyRoute-DemoUITests";
			sourceTree = "<group>";
		};
		9CBE3A1E24FFEF0D00546C63 /* Networking */ = {
			isa = PBXGroup;
			children = (
				9CBE3A1F24FFF13E00546C63 /* Api.swift */,
				9CBE3A2124FFF39300546C63 /* Rest */,
			);
			path = Networking;
			sourceTree = "<group>";
		};
		9CBE3A2124FFF39300546C63 /* Rest */ = {
			isa = PBXGroup;
			children = (
				9CBE3A302500077500546C63 /* RestApi.swift */,
				9CBE3A2224FFF4D400546C63 /* MeepApi.swift */,
				9CBE3A2724FFFCD500546C63 /* Networking.swift */,
				9CBE3A2924FFFDC400546C63 /* OnlineProvider.swift */,
			);
			path = Rest;
			sourceTree = "<group>";
		};
		9CBE3A2424FFFB3100546C63 /* Models */ = {
			isa = PBXGroup;
			children = (
				9C00DD2C25016C7200C2A5C5 /* Positioned.swift */,
				9C00DD2A25014E5F00C2A5C5 /* City.swift */,
				9CF0C96625029C0500D161EF /* Region.swift */,
				9CF0C9772506868800D161EF /* Resources */,
			);
			path = Models;
			sourceTree = "<group>";
		};
		9CBE3A2B24FFFF7700546C63 /* Managers */ = {
			isa = PBXGroup;
			children = (
				9CBE3A2C24FFFFB200546C63 /* ReachabilityManager.swift */,
				9CBE3A2E2500031000546C63 /* Log.swift */,
				9CF0C9682502AF5100D161EF /* ImagesManager.swift */,
			);
			path = Managers;
			sourceTree = "<group>";
		};
		9CBE3A3225000F4600546C63 /* Modules */ = {
			isa = PBXGroup;
			children = (
				9CBE3A3625000F8700546C63 /* ViewModelType.swift */,
				9CBE3A3325000F4E00546C63 /* Map */,
			);
			path = Modules;
			sourceTree = "<group>";
		};
		9CBE3A3325000F4E00546C63 /* Map */ = {
			isa = PBXGroup;
			children = (
				9CBE3A3425000F5A00546C63 /* MapViewModel.swift */,
				9CAF451924FEB9310018D8AB /* MapViewController.swift */,
			);
			path = Map;
			sourceTree = "<group>";
		};
		9CD811A92506493700597B52 /* App */ = {
			isa = PBXGroup;
			children = (
				9CAF451524FEB9310018D8AB /* AppDelegate.swift */,
				9CD811A72506489E00597B52 /* App.swift */,
				9CAF451724FEB9310018D8AB /* SceneDelegate.swift */,
				9CD811AA2506495900597B52 /* Navigator.swift */,
			);
			path = App;
			sourceTree = "<group>";
		};
		9CD811AF2506532100597B52 /* Resources */ = {
			isa = PBXGroup;
			children = (
				9CD811B625065A5800597B52 /* Stubbed Responses */,
				9CD811B02506535E00597B52 /* R.generated.swift */,
				9CAF451E24FEB9320018D8AB /* Assets.xcassets */,
			);
			path = Resources;
			sourceTree = "<group>";
		};
		9CD811B625065A5800597B52 /* Stubbed Responses */ = {
			isa = PBXGroup;
			children = (
				9CD811B725065A6600597B52 /* resources.json */,
			);
			path = "Stubbed Responses";
			sourceTree = "<group>";
		};
		9CF09060250176170075278D /* Extensions */ = {
			isa = PBXGroup;
			children = (
				9CF0C964250292F800D161EF /* CLLocationCoordinate2D+Extensions.swift */,
				9CF0C96A2506834C00D161EF /* Dictionary+Extensions.swift */,
				9CF0C96C2506853F00D161EF /* Encodable+Extensions.swift */,
			);
			path = Extensions;
			sourceTree = "<group>";
		};
		9CF0C96E2506860800D161EF /* ModelsTests */ = {
			isa = PBXGroup;
			children = (
				9C4D76A22506B5E900460851 /* CityTests.swift */,
				9C4D76A52506BAB200460851 /* RegionTests.swift */,
				9C4D76A92506BC9500460851 /* Resources */,
			);
			path = ModelsTests;
			sourceTree = "<group>";
		};
		9CF0C9772506868800D161EF /* Resources */ = {
			isa = PBXGroup;
			children = (
				9CBE3A2524FFFBB000546C63 /* Resource.swift */,
				9CF0C96F2506865300D161EF /* BusStop.swift */,
				9CF0C9712506866600D161EF /* BikeStop.swift */,
				9CF0C9732506867600D161EF /* ElectricCar.swift */,
				9CF0C9752506868100D161EF /* Moped.swift */,
			);
			path = Resources;
			sourceTree = "<group>";
		};
/* End PBXGroup section */

/* Begin PBXNativeTarget section */
		9CAF451124FEB9310018D8AB /* FindMyRoute-Demo */ = {
			isa = PBXNativeTarget;
			buildConfigurationList = 9CAF453C24FEB9320018D8AB /* Build configuration list for PBXNativeTarget "FindMyRoute-Demo" */;
			buildPhases = (
				DC7596C5B2195C91F24E117D /* [CP] Check Pods Manifest.lock */,
				9CD811AE250652A000597B52 /* R.swift */,
				9CAF455724FEC1360018D8AB /* SwiftLint */,
				9CAF450E24FEB9310018D8AB /* Sources */,
				9CAF450F24FEB9310018D8AB /* Frameworks */,
				9CAF451024FEB9310018D8AB /* Resources */,
				7BAA5DB2F6FAC8CE14F1833D /* [CP] Embed Pods Frameworks */,
				14E2544CAFA0391CC689DFF3 /* [CP] Copy Pods Resources */,
			);
			buildRules = (
			);
			dependencies = (
			);
			name = "FindMyRoute-Demo";
			productName = "FindMyRoute-Demo";
			productReference = 9CAF451224FEB9310018D8AB /* FindMyRoute-Demo.app */;
			productType = "com.apple.product-type.application";
		};
		9CAF452724FEB9320018D8AB /* FindMyRoute-DemoTests */ = {
			isa = PBXNativeTarget;
			buildConfigurationList = 9CAF453F24FEB9320018D8AB /* Build configuration list for PBXNativeTarget "FindMyRoute-DemoTests" */;
			buildPhases = (
				C15BE0A1042ADAFA2899BA83 /* [CP] Check Pods Manifest.lock */,
				9CAF452424FEB9320018D8AB /* Sources */,
				9CAF452524FEB9320018D8AB /* Frameworks */,
				9CAF452624FEB9320018D8AB /* Resources */,
				75C7EB6EE18FE8B96C921BB5 /* [CP] Embed Pods Frameworks */,
			);
			buildRules = (
			);
			dependencies = (
				9CAF452A24FEB9320018D8AB /* PBXTargetDependency */,
			);
			name = "FindMyRoute-DemoTests";
			productName = "FindMyRoute-DemoTests";
			productReference = 9CAF452824FEB9320018D8AB /* FindMyRoute-DemoTests.xctest */;
			productType = "com.apple.product-type.bundle.unit-test";
		};
		9CAF453224FEB9320018D8AB /* FindMyRoute-DemoUITests */ = {
			isa = PBXNativeTarget;
			buildConfigurationList = 9CAF454224FEB9320018D8AB /* Build configuration list for PBXNativeTarget "FindMyRoute-DemoUITests" */;
			buildPhases = (
				3F02972C1B846204542BFD17 /* [CP] Check Pods Manifest.lock */,
				9CAF452F24FEB9320018D8AB /* Sources */,
				9CAF453024FEB9320018D8AB /* Frameworks */,
				9CAF453124FEB9320018D8AB /* Resources */,
				990D46BE633F691D222B45E8 /* [CP] Embed Pods Frameworks */,
				E71D6E92B2C15CA96B61A22C /* [CP] Copy Pods Resources */,
			);
			buildRules = (
			);
			dependencies = (
				9CAF453524FEB9320018D8AB /* PBXTargetDependency */,
			);
			name = "FindMyRoute-DemoUITests";
			productName = "FindMyRoute-DemoUITests";
			productReference = 9CAF453324FEB9320018D8AB /* FindMyRoute-DemoUITests.xctest */;
			productType = "com.apple.product-type.bundle.ui-testing";
		};
/* End PBXNativeTarget section */

/* Begin PBXProject section */
		9CAF450A24FEB9310018D8AB /* Project object */ = {
			isa = PBXProject;
			attributes = {
				LastSwiftUpdateCheck = 1160;
				LastUpgradeCheck = 1160;
				ORGANIZATIONNAME = "Saul Moreno Abril";
				TargetAttributes = {
					9CAF451124FEB9310018D8AB = {
						CreatedOnToolsVersion = 11.6;
					};
					9CAF452724FEB9320018D8AB = {
						CreatedOnToolsVersion = 11.6;
						TestTargetID = 9CAF451124FEB9310018D8AB;
					};
					9CAF453224FEB9320018D8AB = {
						CreatedOnToolsVersion = 11.6;
						TestTargetID = 9CAF451124FEB9310018D8AB;
					};
				};
			};
			buildConfigurationList = 9CAF450D24FEB9310018D8AB /* Build configuration list for PBXProject "FindMyRoute-Demo" */;
			compatibilityVersion = "Xcode 9.3";
			developmentRegion = en;
			hasScannedForEncodings = 0;
			knownRegions = (
				en,
				Base,
			);
			mainGroup = 9CAF450924FEB9310018D8AB;
			productRefGroup = 9CAF451324FEB9310018D8AB /* Products */;
			projectDirPath = "";
			projectRoot = "";
			targets = (
				9CAF451124FEB9310018D8AB /* FindMyRoute-Demo */,
				9CAF452724FEB9320018D8AB /* FindMyRoute-DemoTests */,
				9CAF453224FEB9320018D8AB /* FindMyRoute-DemoUITests */,
			);
		};
/* End PBXProject section */

/* Begin PBXResourcesBuildPhase section */
		9CAF451024FEB9310018D8AB /* Resources */ = {
			isa = PBXResourcesBuildPhase;
			buildActionMask = 2147483647;
			files = (
				9CAF452224FEB9320018D8AB /* LaunchScreen.storyboard in Resources */,
				9CAF451F24FEB9320018D8AB /* Assets.xcassets in Resources */,
				9CD811B825065A6600597B52 /* resources.json in Resources */,
				9CAF451D24FEB9310018D8AB /* Main.storyboard in Resources */,
			);
			runOnlyForDeploymentPostprocessing = 0;
		};
		9CAF452624FEB9320018D8AB /* Resources */ = {
			isa = PBXResourcesBuildPhase;
			buildActionMask = 2147483647;
			files = (
			);
			runOnlyForDeploymentPostprocessing = 0;
		};
		9CAF453124FEB9320018D8AB /* Resources */ = {
			isa = PBXResourcesBuildPhase;
			buildActionMask = 2147483647;
			files = (
			);
			runOnlyForDeploymentPostprocessing = 0;
		};
/* End PBXResourcesBuildPhase section */

/* Begin PBXShellScriptBuildPhase section */
		14E2544CAFA0391CC689DFF3 /* [CP] Copy Pods Resources */ = {
			isa = PBXShellScriptBuildPhase;
			buildActionMask = 2147483647;
			files = (
			);
			inputFileListPaths = (
				"${PODS_ROOT}/Target Support Files/Pods-FindMyRoute-Demo/Pods-FindMyRoute-Demo-resources-${CONFIGURATION}-input-files.xcfilelist",
			);
			name = "[CP] Copy Pods Resources";
			outputFileListPaths = (
				"${PODS_ROOT}/Target Support Files/Pods-FindMyRoute-Demo/Pods-FindMyRoute-Demo-resources-${CONFIGURATION}-output-files.xcfilelist",
			);
			runOnlyForDeploymentPostprocessing = 0;
			shellPath = /bin/sh;
			shellScript = "\"${PODS_ROOT}/Target Support Files/Pods-FindMyRoute-Demo/Pods-FindMyRoute-Demo-resources.sh\"\n";
			showEnvVarsInLog = 0;
		};
		3F02972C1B846204542BFD17 /* [CP] Check Pods Manifest.lock */ = {
			isa = PBXShellScriptBuildPhase;
			buildActionMask = 2147483647;
			files = (
			);
			inputFileListPaths = (
			);
			inputPaths = (
				"${PODS_PODFILE_DIR_PATH}/Podfile.lock",
				"${PODS_ROOT}/Manifest.lock",
			);
			name = "[CP] Check Pods Manifest.lock";
			outputFileListPaths = (
			);
			outputPaths = (
				"$(DERIVED_FILE_DIR)/Pods-FindMyRoute-Demo-FindMyRoute-DemoUITests-checkManifestLockResult.txt",
			);
			runOnlyForDeploymentPostprocessing = 0;
			shellPath = /bin/sh;
			shellScript = "diff \"${PODS_PODFILE_DIR_PATH}/Podfile.lock\" \"${PODS_ROOT}/Manifest.lock\" > /dev/null\nif [ $? != 0 ] ; then\n    # print error to STDERR\n    echo \"error: The sandbox is not in sync with the Podfile.lock. Run 'pod install' or update your CocoaPods installation.\" >&2\n    exit 1\nfi\n# This output is used by Xcode 'outputs' to avoid re-running this script phase.\necho \"SUCCESS\" > \"${SCRIPT_OUTPUT_FILE_0}\"\n";
			showEnvVarsInLog = 0;
		};
		75C7EB6EE18FE8B96C921BB5 /* [CP] Embed Pods Frameworks */ = {
			isa = PBXShellScriptBuildPhase;
			buildActionMask = 2147483647;
			files = (
			);
			inputFileListPaths = (
				"${PODS_ROOT}/Target Support Files/Pods-FindMyRoute-DemoTests/Pods-FindMyRoute-DemoTests-frameworks-${CONFIGURATION}-input-files.xcfilelist",
			);
			name = "[CP] Embed Pods Frameworks";
			outputFileListPaths = (
				"${PODS_ROOT}/Target Support Files/Pods-FindMyRoute-DemoTests/Pods-FindMyRoute-DemoTests-frameworks-${CONFIGURATION}-output-files.xcfilelist",
			);
			runOnlyForDeploymentPostprocessing = 0;
			shellPath = /bin/sh;
			shellScript = "\"${PODS_ROOT}/Target Support Files/Pods-FindMyRoute-DemoTests/Pods-FindMyRoute-DemoTests-frameworks.sh\"\n";
			showEnvVarsInLog = 0;
		};
		7BAA5DB2F6FAC8CE14F1833D /* [CP] Embed Pods Frameworks */ = {
			isa = PBXShellScriptBuildPhase;
			buildActionMask = 2147483647;
			files = (
			);
			inputFileListPaths = (
				"${PODS_ROOT}/Target Support Files/Pods-FindMyRoute-Demo/Pods-FindMyRoute-Demo-frameworks-${CONFIGURATION}-input-files.xcfilelist",
			);
			name = "[CP] Embed Pods Frameworks";
			outputFileListPaths = (
				"${PODS_ROOT}/Target Support Files/Pods-FindMyRoute-Demo/Pods-FindMyRoute-Demo-frameworks-${CONFIGURATION}-output-files.xcfilelist",
			);
			runOnlyForDeploymentPostprocessing = 0;
			shellPath = /bin/sh;
			shellScript = "\"${PODS_ROOT}/Target Support Files/Pods-FindMyRoute-Demo/Pods-FindMyRoute-Demo-frameworks.sh\"\n";
			showEnvVarsInLog = 0;
		};
		990D46BE633F691D222B45E8 /* [CP] Embed Pods Frameworks */ = {
			isa = PBXShellScriptBuildPhase;
			buildActionMask = 2147483647;
			files = (
			);
			inputFileListPaths = (
				"${PODS_ROOT}/Target Support Files/Pods-FindMyRoute-Demo-FindMyRoute-DemoUITests/Pods-FindMyRoute-Demo-FindMyRoute-DemoUITests-frameworks-${CONFIGURATION}-input-files.xcfilelist",
			);
			name = "[CP] Embed Pods Frameworks";
			outputFileListPaths = (
				"${PODS_ROOT}/Target Support Files/Pods-FindMyRoute-Demo-FindMyRoute-DemoUITests/Pods-FindMyRoute-Demo-FindMyRoute-DemoUITests-frameworks-${CONFIGURATION}-output-files.xcfilelist",
			);
			runOnlyForDeploymentPostprocessing = 0;
			shellPath = /bin/sh;
			shellScript = "\"${PODS_ROOT}/Target Support Files/Pods-FindMyRoute-Demo-FindMyRoute-DemoUITests/Pods-FindMyRoute-Demo-FindMyRoute-DemoUITests-frameworks.sh\"\n";
			showEnvVarsInLog = 0;
		};
		9CAF455724FEC1360018D8AB /* SwiftLint */ = {
			isa = PBXShellScriptBuildPhase;
			buildActionMask = 2147483647;
			files = (
			);
			inputFileListPaths = (
			);
			inputPaths = (
			);
			name = SwiftLint;
			outputFileListPaths = (
			);
			outputPaths = (
			);
			runOnlyForDeploymentPostprocessing = 0;
			shellPath = /bin/sh;
			shellScript = "${PODS_ROOT}/SwiftLint/swiftlint autocorrect --format\n";
		};
		9CD811AE250652A000597B52 /* R.swift */ = {
			isa = PBXShellScriptBuildPhase;
			buildActionMask = 2147483647;
			files = (
			);
			inputFileListPaths = (
			);
			inputPaths = (
				"$TEMP_DIR/rswift-lastrun",
			);
			name = R.swift;
			outputFileListPaths = (
			);
			outputPaths = (
				$SRCROOT/R.generated.swift,
			);
			runOnlyForDeploymentPostprocessing = 0;
			shellPath = /bin/sh;
			shellScript = "\"$PODS_ROOT/R.swift/rswift\" generate \"$SRCROOT/R.generated.swift\"\n";
		};
		C15BE0A1042ADAFA2899BA83 /* [CP] Check Pods Manifest.lock */ = {
			isa = PBXShellScriptBuildPhase;
			buildActionMask = 2147483647;
			files = (
			);
			inputFileListPaths = (
			);
			inputPaths = (
				"${PODS_PODFILE_DIR_PATH}/Podfile.lock",
				"${PODS_ROOT}/Manifest.lock",
			);
			name = "[CP] Check Pods Manifest.lock";
			outputFileListPaths = (
			);
			outputPaths = (
				"$(DERIVED_FILE_DIR)/Pods-FindMyRoute-DemoTests-checkManifestLockResult.txt",
			);
			runOnlyForDeploymentPostprocessing = 0;
			shellPath = /bin/sh;
			shellScript = "diff \"${PODS_PODFILE_DIR_PATH}/Podfile.lock\" \"${PODS_ROOT}/Manifest.lock\" > /dev/null\nif [ $? != 0 ] ; then\n    # print error to STDERR\n    echo \"error: The sandbox is not in sync with the Podfile.lock. Run 'pod install' or update your CocoaPods installation.\" >&2\n    exit 1\nfi\n# This output is used by Xcode 'outputs' to avoid re-running this script phase.\necho \"SUCCESS\" > \"${SCRIPT_OUTPUT_FILE_0}\"\n";
			showEnvVarsInLog = 0;
		};
		DC7596C5B2195C91F24E117D /* [CP] Check Pods Manifest.lock */ = {
			isa = PBXShellScriptBuildPhase;
			buildActionMask = 2147483647;
			files = (
			);
			inputFileListPaths = (
			);
			inputPaths = (
				"${PODS_PODFILE_DIR_PATH}/Podfile.lock",
				"${PODS_ROOT}/Manifest.lock",
			);
			name = "[CP] Check Pods Manifest.lock";
			outputFileListPaths = (
			);
			outputPaths = (
				"$(DERIVED_FILE_DIR)/Pods-FindMyRoute-Demo-checkManifestLockResult.txt",
			);
			runOnlyForDeploymentPostprocessing = 0;
			shellPath = /bin/sh;
			shellScript = "diff \"${PODS_PODFILE_DIR_PATH}/Podfile.lock\" \"${PODS_ROOT}/Manifest.lock\" > /dev/null\nif [ $? != 0 ] ; then\n    # print error to STDERR\n    echo \"error: The sandbox is not in sync with the Podfile.lock. Run 'pod install' or update your CocoaPods installation.\" >&2\n    exit 1\nfi\n# This output is used by Xcode 'outputs' to avoid re-running this script phase.\necho \"SUCCESS\" > \"${SCRIPT_OUTPUT_FILE_0}\"\n";
			showEnvVarsInLog = 0;
		};
		E71D6E92B2C15CA96B61A22C /* [CP] Copy Pods Resources */ = {
			isa = PBXShellScriptBuildPhase;
			buildActionMask = 2147483647;
			files = (
			);
			inputFileListPaths = (
				"${PODS_ROOT}/Target Support Files/Pods-FindMyRoute-Demo-FindMyRoute-DemoUITests/Pods-FindMyRoute-Demo-FindMyRoute-DemoUITests-resources-${CONFIGURATION}-input-files.xcfilelist",
			);
			name = "[CP] Copy Pods Resources";
			outputFileListPaths = (
				"${PODS_ROOT}/Target Support Files/Pods-FindMyRoute-Demo-FindMyRoute-DemoUITests/Pods-FindMyRoute-Demo-FindMyRoute-DemoUITests-resources-${CONFIGURATION}-output-files.xcfilelist",
			);
			runOnlyForDeploymentPostprocessing = 0;
			shellPath = /bin/sh;
			shellScript = "\"${PODS_ROOT}/Target Support Files/Pods-FindMyRoute-Demo-FindMyRoute-DemoUITests/Pods-FindMyRoute-Demo-FindMyRoute-DemoUITests-resources.sh\"\n";
			showEnvVarsInLog = 0;
		};
/* End PBXShellScriptBuildPhase section */

/* Begin PBXSourcesBuildPhase section */
		9CAF450E24FEB9310018D8AB /* Sources */ = {
			isa = PBXSourcesBuildPhase;
			buildActionMask = 2147483647;
			files = (
				9CBE3A2A24FFFDC400546C63 /* OnlineProvider.swift in Sources */,
				9CF0C9742506867600D161EF /* ElectricCar.swift in Sources */,
				9CF0C9692502AF5100D161EF /* ImagesManager.swift in Sources */,
				9CF0C965250292F800D161EF /* CLLocationCoordinate2D+Extensions.swift in Sources */,
				9CAF451A24FEB9310018D8AB /* MapViewController.swift in Sources */,
				9CF0C9722506866600D161EF /* BikeStop.swift in Sources */,
				9CBE3A2F2500031000546C63 /* Log.swift in Sources */,
				9CD811AB2506495900597B52 /* Navigator.swift in Sources */,
				9CF0C9762506868100D161EF /* Moped.swift in Sources */,
				9CBE3A2324FFF4D400546C63 /* MeepApi.swift in Sources */,
				9CBE3A3525000F5A00546C63 /* MapViewModel.swift in Sources */,
				9C2E5F3024FECEA1007145BB /* Config.swift in Sources */,
				9CBE3A3725000F8700546C63 /* ViewModelType.swift in Sources */,
				9CF0C96725029C0500D161EF /* Region.swift in Sources */,
				9CBE3A2824FFFCD500546C63 /* Networking.swift in Sources */,
				9CF0C96D2506853F00D161EF /* Encodable+Extensions.swift in Sources */,
				9CD811B12506535E00597B52 /* R.generated.swift in Sources */,
				9C00DD3025016FC800C2A5C5 /* MapUtils.swift in Sources */,
				9CD811A82506489E00597B52 /* App.swift in Sources */,
				9CAF451624FEB9310018D8AB /* AppDelegate.swift in Sources */,
				9C00DD2D25016C7200C2A5C5 /* Positioned.swift in Sources */,
				9CBE3A2024FFF13E00546C63 /* Api.swift in Sources */,
				9CBE3A312500077500546C63 /* RestApi.swift in Sources */,
				9C00DD2B25014E5F00C2A5C5 /* City.swift in Sources */,
				9CAF451824FEB9310018D8AB /* SceneDelegate.swift in Sources */,
				9CBE3A2D24FFFFB200546C63 /* ReachabilityManager.swift in Sources */,
				9CBE3A2624FFFBB000546C63 /* Resource.swift in Sources */,
				9CF0C9702506865300D161EF /* BusStop.swift in Sources */,
				9CF0C96B2506834C00D161EF /* Dictionary+Extensions.swift in Sources */,
			);
			runOnlyForDeploymentPostprocessing = 0;
		};
		9CAF452424FEB9320018D8AB /* Sources */ = {
			isa = PBXSourcesBuildPhase;
			buildActionMask = 2147483647;
			files = (
				9C4D76A82506BC9100460851 /* BusStopTests.swift in Sources */,
				9C4D76B22506C02A00460851 /* ResourceTests.swift in Sources */,
				9C4D76BD2507DE3400460851 /* ViewModelTypeTests.swift in Sources */,
				9C4D76BA2507D68300460851 /* ImagesManagerTests.swift in Sources */,
				9C4D76B02506BF2700460851 /* MopedTests.swift in Sources */,
				9C4D76A32506B5E900460851 /* CityTests.swift in Sources */,
				9C4D76AE2506BE7900460851 /* ElectricCarTests.swift in Sources */,
				9C4D76AB2506BE0500460851 /* BikeStopTests.swift in Sources */,
				9C4D76A62506BAB200460851 /* RegionTests.swift in Sources */,
				9C4D76C02507EBD000460851 /* TestScheduler+Extensions.swift in Sources */,
				9C4D76B72507C78D00460851 /* MapViewModelTests.swift in Sources */,
			);
			runOnlyForDeploymentPostprocessing = 0;
		};
		9CAF452F24FEB9320018D8AB /* Sources */ = {
			isa = PBXSourcesBuildPhase;
			buildActionMask = 2147483647;
			files = (
				9CAF453824FEB9320018D8AB /* FindMyRouteDemoUITests.swift in Sources */,
			);
			runOnlyForDeploymentPostprocessing = 0;
		};
/* End PBXSourcesBuildPhase section */

/* Begin PBXTargetDependency section */
		9CAF452A24FEB9320018D8AB /* PBXTargetDependency */ = {
			isa = PBXTargetDependency;
			target = 9CAF451124FEB9310018D8AB /* FindMyRoute-Demo */;
			targetProxy = 9CAF452924FEB9320018D8AB /* PBXContainerItemProxy */;
		};
		9CAF453524FEB9320018D8AB /* PBXTargetDependency */ = {
			isa = PBXTargetDependency;
			target = 9CAF451124FEB9310018D8AB /* FindMyRoute-Demo */;
			targetProxy = 9CAF453424FEB9320018D8AB /* PBXContainerItemProxy */;
		};
/* End PBXTargetDependency section */

/* Begin PBXVariantGroup section */
		9CAF451B24FEB9310018D8AB /* Main.storyboard */ = {
			isa = PBXVariantGroup;
			children = (
				9CAF451C24FEB9310018D8AB /* Base */,
			);
			name = Main.storyboard;
			sourceTree = "<group>";
		};
		9CAF452024FEB9320018D8AB /* LaunchScreen.storyboard */ = {
			isa = PBXVariantGroup;
			children = (
				9CAF452124FEB9320018D8AB /* Base */,
			);
			name = LaunchScreen.storyboard;
			sourceTree = "<group>";
		};
/* End PBXVariantGroup section */

/* Begin XCBuildConfiguration section */
		9CAF453A24FEB9320018D8AB /* Debug */ = {
			isa = XCBuildConfiguration;
			buildSettings = {
				ALWAYS_EMBED_SWIFT_STANDARD_LIBRARIES = "$(inherited)";
				ALWAYS_SEARCH_USER_PATHS = NO;
				CLANG_ANALYZER_NONNULL = YES;
				CLANG_ANALYZER_NUMBER_OBJECT_CONVERSION = YES_AGGRESSIVE;
				CLANG_CXX_LANGUAGE_STANDARD = "gnu++14";
				CLANG_CXX_LIBRARY = "libc++";
				CLANG_ENABLE_MODULES = YES;
				CLANG_ENABLE_OBJC_ARC = YES;
				CLANG_ENABLE_OBJC_WEAK = YES;
				CLANG_WARN_BLOCK_CAPTURE_AUTORELEASING = YES;
				CLANG_WARN_BOOL_CONVERSION = YES;
				CLANG_WARN_COMMA = YES;
				CLANG_WARN_CONSTANT_CONVERSION = YES;
				CLANG_WARN_DEPRECATED_OBJC_IMPLEMENTATIONS = YES;
				CLANG_WARN_DIRECT_OBJC_ISA_USAGE = YES_ERROR;
				CLANG_WARN_DOCUMENTATION_COMMENTS = YES;
				CLANG_WARN_EMPTY_BODY = YES;
				CLANG_WARN_ENUM_CONVERSION = YES;
				CLANG_WARN_INFINITE_RECURSION = YES;
				CLANG_WARN_INT_CONVERSION = YES;
				CLANG_WARN_NON_LITERAL_NULL_CONVERSION = YES;
				CLANG_WARN_OBJC_IMPLICIT_RETAIN_SELF = YES;
				CLANG_WARN_OBJC_LITERAL_CONVERSION = YES;
				CLANG_WARN_OBJC_ROOT_CLASS = YES_ERROR;
				CLANG_WARN_RANGE_LOOP_ANALYSIS = YES;
				CLANG_WARN_STRICT_PROTOTYPES = YES;
				CLANG_WARN_SUSPICIOUS_MOVE = YES;
				CLANG_WARN_UNGUARDED_AVAILABILITY = YES_AGGRESSIVE;
				CLANG_WARN_UNREACHABLE_CODE = YES;
				CLANG_WARN__DUPLICATE_METHOD_MATCH = YES;
				COPY_PHASE_STRIP = NO;
				DEBUG_INFORMATION_FORMAT = dwarf;
				ENABLE_STRICT_OBJC_MSGSEND = YES;
				ENABLE_TESTABILITY = YES;
				GCC_C_LANGUAGE_STANDARD = gnu11;
				GCC_DYNAMIC_NO_PIC = NO;
				GCC_NO_COMMON_BLOCKS = YES;
				GCC_OPTIMIZATION_LEVEL = 0;
				GCC_PREPROCESSOR_DEFINITIONS = (
					"DEBUG=1",
					"$(inherited)",
				);
				GCC_WARN_64_TO_32_BIT_CONVERSION = YES;
				GCC_WARN_ABOUT_RETURN_TYPE = YES_ERROR;
				GCC_WARN_UNDECLARED_SELECTOR = YES;
				GCC_WARN_UNINITIALIZED_AUTOS = YES_AGGRESSIVE;
				GCC_WARN_UNUSED_FUNCTION = YES;
				GCC_WARN_UNUSED_VARIABLE = YES;
				IPHONEOS_DEPLOYMENT_TARGET = 13.6;
				MTL_ENABLE_DEBUG_INFO = INCLUDE_SOURCE;
				MTL_FAST_MATH = YES;
				ONLY_ACTIVE_ARCH = YES;
				SDKROOT = iphoneos;
				SWIFT_ACTIVE_COMPILATION_CONDITIONS = DEBUG;
				SWIFT_OPTIMIZATION_LEVEL = "-Onone";
			};
			name = Debug;
		};
		9CAF453B24FEB9320018D8AB /* Release */ = {
			isa = XCBuildConfiguration;
			baseConfigurationReference = 9C2E5F2A24FECC09007145BB /* Release.xcconfig */;
			buildSettings = {
				ALWAYS_EMBED_SWIFT_STANDARD_LIBRARIES = "$(inherited)";
				ALWAYS_SEARCH_USER_PATHS = NO;
				CLANG_ANALYZER_NONNULL = YES;
				CLANG_ANALYZER_NUMBER_OBJECT_CONVERSION = YES_AGGRESSIVE;
				CLANG_CXX_LANGUAGE_STANDARD = "gnu++14";
				CLANG_CXX_LIBRARY = "libc++";
				CLANG_ENABLE_MODULES = YES;
				CLANG_ENABLE_OBJC_ARC = YES;
				CLANG_ENABLE_OBJC_WEAK = YES;
				CLANG_WARN_BLOCK_CAPTURE_AUTORELEASING = YES;
				CLANG_WARN_BOOL_CONVERSION = YES;
				CLANG_WARN_COMMA = YES;
				CLANG_WARN_CONSTANT_CONVERSION = YES;
				CLANG_WARN_DEPRECATED_OBJC_IMPLEMENTATIONS = YES;
				CLANG_WARN_DIRECT_OBJC_ISA_USAGE = YES_ERROR;
				CLANG_WARN_DOCUMENTATION_COMMENTS = YES;
				CLANG_WARN_EMPTY_BODY = YES;
				CLANG_WARN_ENUM_CONVERSION = YES;
				CLANG_WARN_INFINITE_RECURSION = YES;
				CLANG_WARN_INT_CONVERSION = YES;
				CLANG_WARN_NON_LITERAL_NULL_CONVERSION = YES;
				CLANG_WARN_OBJC_IMPLICIT_RETAIN_SELF = YES;
				CLANG_WARN_OBJC_LITERAL_CONVERSION = YES;
				CLANG_WARN_OBJC_ROOT_CLASS = YES_ERROR;
				CLANG_WARN_RANGE_LOOP_ANALYSIS = YES;
				CLANG_WARN_STRICT_PROTOTYPES = YES;
				CLANG_WARN_SUSPICIOUS_MOVE = YES;
				CLANG_WARN_UNGUARDED_AVAILABILITY = YES_AGGRESSIVE;
				CLANG_WARN_UNREACHABLE_CODE = YES;
				CLANG_WARN__DUPLICATE_METHOD_MATCH = YES;
				COPY_PHASE_STRIP = NO;
				DEBUG_INFORMATION_FORMAT = "dwarf-with-dsym";
				ENABLE_NS_ASSERTIONS = NO;
				ENABLE_STRICT_OBJC_MSGSEND = YES;
				GCC_C_LANGUAGE_STANDARD = gnu11;
				GCC_NO_COMMON_BLOCKS = YES;
				GCC_WARN_64_TO_32_BIT_CONVERSION = YES;
				GCC_WARN_ABOUT_RETURN_TYPE = YES_ERROR;
				GCC_WARN_UNDECLARED_SELECTOR = YES;
				GCC_WARN_UNINITIALIZED_AUTOS = YES_AGGRESSIVE;
				GCC_WARN_UNUSED_FUNCTION = YES;
				GCC_WARN_UNUSED_VARIABLE = YES;
				IPHONEOS_DEPLOYMENT_TARGET = 13.6;
				MTL_ENABLE_DEBUG_INFO = NO;
				MTL_FAST_MATH = YES;
				SDKROOT = iphoneos;
				SWIFT_COMPILATION_MODE = wholemodule;
				SWIFT_OPTIMIZATION_LEVEL = "-O";
				VALIDATE_PRODUCT = YES;
			};
			name = Release;
		};
		9CAF453D24FEB9320018D8AB /* Debug */ = {
			isa = XCBuildConfiguration;
			baseConfigurationReference = 9C2E5F2B24FECC09007145BB /* Debug.xcconfig */;
			buildSettings = {
				ALWAYS_EMBED_SWIFT_STANDARD_LIBRARIES = "$(inherited)";
				ASSETCATALOG_COMPILER_APPICON_NAME = AppIcon;
				CODE_SIGN_IDENTITY = "Apple Development";
				CODE_SIGN_STYLE = Automatic;
				DEVELOPMENT_TEAM = U96GUE2A6L;
				INFOPLIST_FILE = "FindMyRoute-Demo/Info.plist";
				LD_RUNPATH_SEARCH_PATHS = (
					"$(inherited)",
					"@executable_path/Frameworks",
				);
				PRODUCT_BUNDLE_IDENTIFIER = "com.saulmorenoabril.FindMyRoute-Demo";
				PRODUCT_NAME = "$(TARGET_NAME)";
				SWIFT_VERSION = 5.0;
				TARGETED_DEVICE_FAMILY = "1,2";
			};
			name = Debug;
		};
		9CAF453E24FEB9320018D8AB /* Release */ = {
			isa = XCBuildConfiguration;
			baseConfigurationReference = 9C2E5F2A24FECC09007145BB /* Release.xcconfig */;
			buildSettings = {
				ALWAYS_EMBED_SWIFT_STANDARD_LIBRARIES = "$(inherited)";
				ASSETCATALOG_COMPILER_APPICON_NAME = AppIcon;
				CODE_SIGN_IDENTITY = "Apple Development";
				CODE_SIGN_STYLE = Automatic;
				DEVELOPMENT_TEAM = U96GUE2A6L;
				INFOPLIST_FILE = "FindMyRoute-Demo/Info.plist";
				LD_RUNPATH_SEARCH_PATHS = (
					"$(inherited)",
					"@executable_path/Frameworks",
				);
				PRODUCT_BUNDLE_IDENTIFIER = "com.saulmorenoabril.FindMyRoute-Demo";
				PRODUCT_NAME = "$(TARGET_NAME)";
				SWIFT_VERSION = 5.0;
				TARGETED_DEVICE_FAMILY = "1,2";
			};
			name = Release;
		};
		9CAF454024FEB9320018D8AB /* Debug */ = {
			isa = XCBuildConfiguration;
			baseConfigurationReference = 52487D5ED7E7289BDC6DFEA4 /* Pods-FindMyRoute-DemoTests.debug.xcconfig */;
			buildSettings = {
				ALWAYS_EMBED_SWIFT_STANDARD_LIBRARIES = "$(inherited)";
				BUNDLE_LOADER = "$(TEST_HOST)";
				CODE_SIGN_IDENTITY = "";
				CODE_SIGN_STYLE = Automatic;
				DEVELOPMENT_TEAM = U96GUE2A6L;
				INFOPLIST_FILE = "FindMyRoute-DemoTests/Info.plist";
				IPHONEOS_DEPLOYMENT_TARGET = 13.6;
				LD_RUNPATH_SEARCH_PATHS = (
					"$(inherited)",
					"@executable_path/Frameworks",
					"@loader_path/Frameworks",
				);
				PRODUCT_BUNDLE_IDENTIFIER = "com.saulmorenoabril.FindMyRoute-DemoTests";
				PRODUCT_NAME = "$(TARGET_NAME)";
				SWIFT_VERSION = 5.0;
				TARGETED_DEVICE_FAMILY = "1,2";
				TEST_HOST = "$(BUILT_PRODUCTS_DIR)/FindMyRoute-Demo.app/FindMyRoute-Demo";
			};
			name = Debug;
		};
		9CAF454124FEB9320018D8AB /* Release */ = {
			isa = XCBuildConfiguration;
			baseConfigurationReference = 77E821CCAC6DAD93D1714806 /* Pods-FindMyRoute-DemoTests.release.xcconfig */;
			buildSettings = {
				ALWAYS_EMBED_SWIFT_STANDARD_LIBRARIES = "$(inherited)";
				BUNDLE_LOADER = "$(TEST_HOST)";
				CODE_SIGN_IDENTITY = "";
				CODE_SIGN_STYLE = Automatic;
				DEVELOPMENT_TEAM = U96GUE2A6L;
				INFOPLIST_FILE = "FindMyRoute-DemoTests/Info.plist";
				IPHONEOS_DEPLOYMENT_TARGET = 13.6;
				LD_RUNPATH_SEARCH_PATHS = (
					"$(inherited)",
					"@executable_path/Frameworks",
					"@loader_path/Frameworks",
				);
				PRODUCT_BUNDLE_IDENTIFIER = "com.saulmorenoabril.FindMyRoute-DemoTests";
				PRODUCT_NAME = "$(TARGET_NAME)";
				SWIFT_VERSION = 5.0;
				TARGETED_DEVICE_FAMILY = "1,2";
				TEST_HOST = "$(BUILT_PRODUCTS_DIR)/FindMyRoute-Demo.app/FindMyRoute-Demo";
			};
			name = Release;
		};
		9CAF454324FEB9320018D8AB /* Debug */ = {
			isa = XCBuildConfiguration;
			baseConfigurationReference = 119DABA5036048FB8293E9FE /* Pods-FindMyRoute-Demo-FindMyRoute-DemoUITests.debug.xcconfig */;
			buildSettings = {
				ALWAYS_EMBED_SWIFT_STANDARD_LIBRARIES = "$(inherited)";
				CODE_SIGN_IDENTITY = "";
				CODE_SIGN_STYLE = Automatic;
				DEVELOPMENT_TEAM = U96GUE2A6L;
				INFOPLIST_FILE = "FindMyRoute-DemoUITests/Info.plist";
				LD_RUNPATH_SEARCH_PATHS = (
					"$(inherited)",
					"@executable_path/Frameworks",
					"@loader_path/Frameworks",
				);
				PRODUCT_BUNDLE_IDENTIFIER = "com.saulmorenoabril.FindMyRoute-DemoUITests";
				PRODUCT_NAME = "$(TARGET_NAME)";
				SWIFT_VERSION = 5.0;
				TARGETED_DEVICE_FAMILY = "1,2";
				TEST_TARGET_NAME = "FindMyRoute-Demo";
			};
			name = Debug;
		};
		9CAF454424FEB9320018D8AB /* Release */ = {
			isa = XCBuildConfiguration;
			baseConfigurationReference = 3DDDF1D2BADF335A07D7EE62 /* Pods-FindMyRoute-Demo-FindMyRoute-DemoUITests.release.xcconfig */;
			buildSettings = {
				ALWAYS_EMBED_SWIFT_STANDARD_LIBRARIES = "$(inherited)";
				CODE_SIGN_IDENTITY = "";
				CODE_SIGN_STYLE = Automatic;
				DEVELOPMENT_TEAM = U96GUE2A6L;
				INFOPLIST_FILE = "FindMyRoute-DemoUITests/Info.plist";
				LD_RUNPATH_SEARCH_PATHS = (
					"$(inherited)",
					"@executable_path/Frameworks",
					"@loader_path/Frameworks",
				);
				PRODUCT_BUNDLE_IDENTIFIER = "com.saulmorenoabril.FindMyRoute-DemoUITests";
				PRODUCT_NAME = "$(TARGET_NAME)";
				SWIFT_VERSION = 5.0;
				TARGETED_DEVICE_FAMILY = "1,2";
				TEST_TARGET_NAME = "FindMyRoute-Demo";
			};
			name = Release;
		};
/* End XCBuildConfiguration section */

/* Begin XCConfigurationList section */
		9CAF450D24FEB9310018D8AB /* Build configuration list for PBXProject "FindMyRoute-Demo" */ = {
			isa = XCConfigurationList;
			buildConfigurations = (
				9CAF453A24FEB9320018D8AB /* Debug */,
				9CAF453B24FEB9320018D8AB /* Release */,
			);
			defaultConfigurationIsVisible = 0;
			defaultConfigurationName = Release;
		};
		9CAF453C24FEB9320018D8AB /* Build configuration list for PBXNativeTarget "FindMyRoute-Demo" */ = {
			isa = XCConfigurationList;
			buildConfigurations = (
				9CAF453D24FEB9320018D8AB /* Debug */,
				9CAF453E24FEB9320018D8AB /* Release */,
			);
			defaultConfigurationIsVisible = 0;
			defaultConfigurationName = Release;
		};
		9CAF453F24FEB9320018D8AB /* Build configuration list for PBXNativeTarget "FindMyRoute-DemoTests" */ = {
			isa = XCConfigurationList;
			buildConfigurations = (
				9CAF454024FEB9320018D8AB /* Debug */,
				9CAF454124FEB9320018D8AB /* Release */,
			);
			defaultConfigurationIsVisible = 0;
			defaultConfigurationName = Release;
		};
		9CAF454224FEB9320018D8AB /* Build configuration list for PBXNativeTarget "FindMyRoute-DemoUITests" */ = {
			isa = XCConfigurationList;
			buildConfigurations = (
				9CAF454324FEB9320018D8AB /* Debug */,
				9CAF454424FEB9320018D8AB /* Release */,
			);
			defaultConfigurationIsVisible = 0;
			defaultConfigurationName = Release;
		};
/* End XCConfigurationList section */
	};
	rootObject = 9CAF450A24FEB9310018D8AB /* Project object */;
}
